// !$*UTF8*$!
{
	archiveVersion = 1;
	classes = {
	};
	objectVersion = 56;
	objects = {

/* Begin PBXBuildFile section */
		962CD1932BF7A78900415511 /* HomeView.swift in Sources */ = {isa = PBXBuildFile; fileRef = 962CD1922BF7A78900415511 /* HomeView.swift */; };
		962CD1952BF7A78B00415511 /* Assets.xcassets in Resources */ = {isa = PBXBuildFile; fileRef = 962CD1942BF7A78B00415511 /* Assets.xcassets */; };
		962CD1982BF7A78B00415511 /* Preview Assets.xcassets in Resources */ = {isa = PBXBuildFile; fileRef = 962CD1972BF7A78B00415511 /* Preview Assets.xcassets */; };
		962CD1A72BF7A94100415511 /* ActivityTracker.swift in Sources */ = {isa = PBXBuildFile; fileRef = 962CD19E2BF7A94100415511 /* ActivityTracker.swift */; };
		962CD1A82BF7A94100415511 /* CancelBag.swift in Sources */ = {isa = PBXBuildFile; fileRef = 962CD19F2BF7A94100415511 /* CancelBag.swift */; };
		962CD1A92BF7A94100415511 /* Driver.swift in Sources */ = {isa = PBXBuildFile; fileRef = 962CD1A02BF7A94100415511 /* Driver.swift */; };
		962CD1AA2BF7A94100415511 /* ErrorTracker.swift in Sources */ = {isa = PBXBuildFile; fileRef = 962CD1A12BF7A94100415511 /* ErrorTracker.swift */; };
		962CD1AB2BF7A94100415511 /* Observable.swift in Sources */ = {isa = PBXBuildFile; fileRef = 962CD1A22BF7A94100415511 /* Observable.swift */; };
		962CD1AD2BF7A94100415511 /* Publisher+Unwrap.swift in Sources */ = {isa = PBXBuildFile; fileRef = 962CD1A42BF7A94100415511 /* Publisher+Unwrap.swift */; };
		962CD1AE2BF7A94100415511 /* ViewModel.swift in Sources */ = {isa = PBXBuildFile; fileRef = 962CD1A52BF7A94100415511 /* ViewModel.swift */; };
		962CD1B42BF7A98A00415511 /* AlertMessage.swift in Sources */ = {isa = PBXBuildFile; fileRef = 962CD1AF2BF7A98A00415511 /* AlertMessage.swift */; };
		962CD1B52BF7A98A00415511 /* DictionaryPrinter.swift in Sources */ = {isa = PBXBuildFile; fileRef = 962CD1B02BF7A98A00415511 /* DictionaryPrinter.swift */; };
		962CD1B72BF7A98A00415511 /* Screen.swift in Sources */ = {isa = PBXBuildFile; fileRef = 962CD1B22BF7A98A00415511 /* Screen.swift */; };
		962CD1D22BF7A9AB00415511 /* BaseError.swift in Sources */ = {isa = PBXBuildFile; fileRef = 962CD1B82BF7A9AB00415511 /* BaseError.swift */; };
		962CD1D32BF7A9AB00415511 /* DecodingError.swift in Sources */ = {isa = PBXBuildFile; fileRef = 962CD1B92BF7A9AB00415511 /* DecodingError.swift */; };
		962CD1D42BF7A9AB00415511 /* HTTPMethod.swift in Sources */ = {isa = PBXBuildFile; fileRef = 962CD1BB2BF7A9AB00415511 /* HTTPMethod.swift */; };
		962CD1D52BF7A9AB00415511 /* HTTPStatusCode.swift in Sources */ = {isa = PBXBuildFile; fileRef = 962CD1BC2BF7A9AB00415511 /* HTTPStatusCode.swift */; };
		962CD1D62BF7A9AB00415511 /* ServiceBaseRepository.swift in Sources */ = {isa = PBXBuildFile; fileRef = 962CD1BD2BF7A9AB00415511 /* ServiceBaseRepository.swift */; };
		962CD1D72BF7A9AB00415511 /* ServiceBaseRequest.swift in Sources */ = {isa = PBXBuildFile; fileRef = 962CD1BE2BF7A9AB00415511 /* ServiceBaseRequest.swift */; };
		962CD1D82BF7A9AB00415511 /* URLs.swift in Sources */ = {isa = PBXBuildFile; fileRef = 962CD1BF2BF7A9AB00415511 /* URLs.swift */; };
		962CD1E42BF7A9AB00415511 /* APIService.swift in Sources */ = {isa = PBXBuildFile; fileRef = 962CD1CF2BF7A9AB00415511 /* APIService.swift */; };
		962CD1E92BF7AA0400415511 /* AppDelegate.swift in Sources */ = {isa = PBXBuildFile; fileRef = 962CD1E52BF7AA0400415511 /* AppDelegate.swift */; };
		962CD1EA2BF7AA0400415511 /* AppNavigator.swift in Sources */ = {isa = PBXBuildFile; fileRef = 962CD1E62BF7AA0400415511 /* AppNavigator.swift */; };
		962CD1EB2BF7AA0400415511 /* AppViewModel.swift in Sources */ = {isa = PBXBuildFile; fileRef = 962CD1E72BF7AA0400415511 /* AppViewModel.swift */; };
		964354A72C0355A50024014E /* CoreDataManager.swift in Sources */ = {isa = PBXBuildFile; fileRef = 9643549A2C0355A50024014E /* CoreDataManager.swift */; };
		964354A82C0355A50024014E /* DataBase.xcdatamodeld in Sources */ = {isa = PBXBuildFile; fileRef = 9643549B2C0355A50024014E /* DataBase.xcdatamodeld */; };
		964354AA2C0355A50024014E /* CoreDataBaseRepositoryType.swift in Sources */ = {isa = PBXBuildFile; fileRef = 9643549F2C0355A50024014E /* CoreDataBaseRepositoryType.swift */; };
		964354AC2C0355A50024014E /* CoreDataBaseRequest.swift in Sources */ = {isa = PBXBuildFile; fileRef = 964354A22C0355A50024014E /* CoreDataBaseRequest.swift */; };
		964354B42C0381F10024014E /* PinEntity+.swift in Sources */ = {isa = PBXBuildFile; fileRef = 964354B22C0381F10024014E /* PinEntity+.swift */; };
		967B0BE12C060F240022ABF9 /* PinRequest.swift in Sources */ = {isa = PBXBuildFile; fileRef = 967B0BE02C060F240022ABF9 /* PinRequest.swift */; };
		967B0BE32C060F650022ABF9 /* PinRepository.swift in Sources */ = {isa = PBXBuildFile; fileRef = 967B0BE22C060F650022ABF9 /* PinRepository.swift */; };
		967B0BE52C0616420022ABF9 /* PinItemViewData.swift in Sources */ = {isa = PBXBuildFile; fileRef = 967B0BE42C0616420022ABF9 /* PinItemViewData.swift */; };
		967B0BE72C0616A20022ABF9 /* PinItemViewDataTranslator.swift in Sources */ = {isa = PBXBuildFile; fileRef = 967B0BE62C0616A20022ABF9 /* PinItemViewDataTranslator.swift */; };
		968CCF862BFA0B370084F805 /* HomeViewModel.swift in Sources */ = {isa = PBXBuildFile; fileRef = 968CCF852BFA0B370084F805 /* HomeViewModel.swift */; };
		9697F8212C08C04C003ECA32 /* PhotoStorageEntity+.swift in Sources */ = {isa = PBXBuildFile; fileRef = 9697F8202C08C04C003ECA32 /* PhotoStorageEntity+.swift */; };
		96F5545A2C01A59600136282 /* HomeNavigator.swift in Sources */ = {isa = PBXBuildFile; fileRef = 96F554592C01A59600136282 /* HomeNavigator.swift */; };
		96F5545C2C01A5E100136282 /* AlbumView.swift in Sources */ = {isa = PBXBuildFile; fileRef = 96F5545B2C01A5E100136282 /* AlbumView.swift */; };
		96F554602C01F90400136282 /* UdacityNavigationHeaderView.swift in Sources */ = {isa = PBXBuildFile; fileRef = 96F5545D2C01F90400136282 /* UdacityNavigationHeaderView.swift */; };
		96F554612C01F90400136282 /* UdacityNavigationView.swift in Sources */ = {isa = PBXBuildFile; fileRef = 96F5545E2C01F90400136282 /* UdacityNavigationView.swift */; };
		96F554632C01FED900136282 /* AlbumViewModel.swift in Sources */ = {isa = PBXBuildFile; fileRef = 96F554622C01FED900136282 /* AlbumViewModel.swift */; };
		96F554652C01FFE200136282 /* API.swift in Sources */ = {isa = PBXBuildFile; fileRef = 96F554642C01FFE200136282 /* API.swift */; };
		96F554672C02022300136282 /* AlbumUseCase.swift in Sources */ = {isa = PBXBuildFile; fileRef = 96F554662C02022300136282 /* AlbumUseCase.swift */; };
		96F554692C02028500136282 /* AlbumRepository.swift in Sources */ = {isa = PBXBuildFile; fileRef = 96F554682C02028500136282 /* AlbumRepository.swift */; };
		96F5546B2C0202F000136282 /* AlbumRequest.swift in Sources */ = {isa = PBXBuildFile; fileRef = 96F5546A2C0202F000136282 /* AlbumRequest.swift */; };
		96F5546D2C02047900136282 /* PhotosResponse.swift in Sources */ = {isa = PBXBuildFile; fileRef = 96F5546C2C02047900136282 /* PhotosResponse.swift */; };
		96F5546F2C02405900136282 /* AlbumItemViewData.swift in Sources */ = {isa = PBXBuildFile; fileRef = 96F5546E2C02405900136282 /* AlbumItemViewData.swift */; };
		96F554722C02409900136282 /* PhotosEntity.swift in Sources */ = {isa = PBXBuildFile; fileRef = 96F554712C02409900136282 /* PhotosEntity.swift */; };
		96F554742C0240C700136282 /* PhotoEntity.swift in Sources */ = {isa = PBXBuildFile; fileRef = 96F554732C0240C700136282 /* PhotoEntity.swift */; };
		96F554762C02424800136282 /* AlbumItemViewDataTranslator.swift in Sources */ = {isa = PBXBuildFile; fileRef = 96F554752C02424800136282 /* AlbumItemViewDataTranslator.swift */; };
		96F554782C027BBD00136282 /* AlbumNavigator.swift in Sources */ = {isa = PBXBuildFile; fileRef = 96F554772C027BBD00136282 /* AlbumNavigator.swift */; };
		96FC2BB62C04BB2200DDB2F6 /* AppUseCase.swift in Sources */ = {isa = PBXBuildFile; fileRef = 96FC2BB52C04BB2200DDB2F6 /* AppUseCase.swift */; };
		96FC2BB82C04C7E500DDB2F6 /* GeocoderManager.swift in Sources */ = {isa = PBXBuildFile; fileRef = 96FC2BB72C04C7E500DDB2F6 /* GeocoderManager.swift */; };
		96FC2BBA2C04CABB00DDB2F6 /* HomeUseCase.swift in Sources */ = {isa = PBXBuildFile; fileRef = 96FC2BB92C04CABB00DDB2F6 /* HomeUseCase.swift */; };
/* End PBXBuildFile section */

/* Begin PBXFileReference section */
		962CD18D2BF7A78900415511 /* Udacity_VirtualTourist.app */ = {isa = PBXFileReference; explicitFileType = wrapper.application; includeInIndex = 0; path = Udacity_VirtualTourist.app; sourceTree = BUILT_PRODUCTS_DIR; };
		962CD1922BF7A78900415511 /* HomeView.swift */ = {isa = PBXFileReference; lastKnownFileType = sourcecode.swift; path = HomeView.swift; sourceTree = "<group>"; };
		962CD1942BF7A78B00415511 /* Assets.xcassets */ = {isa = PBXFileReference; lastKnownFileType = folder.assetcatalog; path = Assets.xcassets; sourceTree = "<group>"; };
		962CD1972BF7A78B00415511 /* Preview Assets.xcassets */ = {isa = PBXFileReference; lastKnownFileType = folder.assetcatalog; path = "Preview Assets.xcassets"; sourceTree = "<group>"; };
		962CD19E2BF7A94100415511 /* ActivityTracker.swift */ = {isa = PBXFileReference; fileEncoding = 4; lastKnownFileType = sourcecode.swift; path = ActivityTracker.swift; sourceTree = "<group>"; };
		962CD19F2BF7A94100415511 /* CancelBag.swift */ = {isa = PBXFileReference; fileEncoding = 4; lastKnownFileType = sourcecode.swift; path = CancelBag.swift; sourceTree = "<group>"; };
		962CD1A02BF7A94100415511 /* Driver.swift */ = {isa = PBXFileReference; fileEncoding = 4; lastKnownFileType = sourcecode.swift; path = Driver.swift; sourceTree = "<group>"; };
		962CD1A12BF7A94100415511 /* ErrorTracker.swift */ = {isa = PBXFileReference; fileEncoding = 4; lastKnownFileType = sourcecode.swift; path = ErrorTracker.swift; sourceTree = "<group>"; };
		962CD1A22BF7A94100415511 /* Observable.swift */ = {isa = PBXFileReference; fileEncoding = 4; lastKnownFileType = sourcecode.swift; path = Observable.swift; sourceTree = "<group>"; };
		962CD1A42BF7A94100415511 /* Publisher+Unwrap.swift */ = {isa = PBXFileReference; fileEncoding = 4; lastKnownFileType = sourcecode.swift; path = "Publisher+Unwrap.swift"; sourceTree = "<group>"; };
		962CD1A52BF7A94100415511 /* ViewModel.swift */ = {isa = PBXFileReference; fileEncoding = 4; lastKnownFileType = sourcecode.swift; path = ViewModel.swift; sourceTree = "<group>"; };
		962CD1AF2BF7A98A00415511 /* AlertMessage.swift */ = {isa = PBXFileReference; fileEncoding = 4; lastKnownFileType = sourcecode.swift; path = AlertMessage.swift; sourceTree = "<group>"; };
		962CD1B02BF7A98A00415511 /* DictionaryPrinter.swift */ = {isa = PBXFileReference; fileEncoding = 4; lastKnownFileType = sourcecode.swift; path = DictionaryPrinter.swift; sourceTree = "<group>"; };
		962CD1B22BF7A98A00415511 /* Screen.swift */ = {isa = PBXFileReference; fileEncoding = 4; lastKnownFileType = sourcecode.swift; path = Screen.swift; sourceTree = "<group>"; };
		962CD1B82BF7A9AB00415511 /* BaseError.swift */ = {isa = PBXFileReference; fileEncoding = 4; lastKnownFileType = sourcecode.swift; path = BaseError.swift; sourceTree = "<group>"; };
		962CD1B92BF7A9AB00415511 /* DecodingError.swift */ = {isa = PBXFileReference; fileEncoding = 4; lastKnownFileType = sourcecode.swift; path = DecodingError.swift; sourceTree = "<group>"; };
		962CD1BB2BF7A9AB00415511 /* HTTPMethod.swift */ = {isa = PBXFileReference; fileEncoding = 4; lastKnownFileType = sourcecode.swift; path = HTTPMethod.swift; sourceTree = "<group>"; };
		962CD1BC2BF7A9AB00415511 /* HTTPStatusCode.swift */ = {isa = PBXFileReference; fileEncoding = 4; lastKnownFileType = sourcecode.swift; path = HTTPStatusCode.swift; sourceTree = "<group>"; };
		962CD1BD2BF7A9AB00415511 /* ServiceBaseRepository.swift */ = {isa = PBXFileReference; fileEncoding = 4; lastKnownFileType = sourcecode.swift; path = ServiceBaseRepository.swift; sourceTree = "<group>"; };
		962CD1BE2BF7A9AB00415511 /* ServiceBaseRequest.swift */ = {isa = PBXFileReference; fileEncoding = 4; lastKnownFileType = sourcecode.swift; path = ServiceBaseRequest.swift; sourceTree = "<group>"; };
		962CD1BF2BF7A9AB00415511 /* URLs.swift */ = {isa = PBXFileReference; fileEncoding = 4; lastKnownFileType = sourcecode.swift; path = URLs.swift; sourceTree = "<group>"; };
		962CD1CF2BF7A9AB00415511 /* APIService.swift */ = {isa = PBXFileReference; fileEncoding = 4; lastKnownFileType = sourcecode.swift; path = APIService.swift; sourceTree = "<group>"; };
		962CD1E52BF7AA0400415511 /* AppDelegate.swift */ = {isa = PBXFileReference; fileEncoding = 4; lastKnownFileType = sourcecode.swift; path = AppDelegate.swift; sourceTree = "<group>"; };
		962CD1E62BF7AA0400415511 /* AppNavigator.swift */ = {isa = PBXFileReference; fileEncoding = 4; lastKnownFileType = sourcecode.swift; path = AppNavigator.swift; sourceTree = "<group>"; };
		962CD1E72BF7AA0400415511 /* AppViewModel.swift */ = {isa = PBXFileReference; fileEncoding = 4; lastKnownFileType = sourcecode.swift; path = AppViewModel.swift; sourceTree = "<group>"; };
		9643549A2C0355A50024014E /* CoreDataManager.swift */ = {isa = PBXFileReference; fileEncoding = 4; lastKnownFileType = sourcecode.swift; path = CoreDataManager.swift; sourceTree = "<group>"; };
		9643549F2C0355A50024014E /* CoreDataBaseRepositoryType.swift */ = {isa = PBXFileReference; fileEncoding = 4; lastKnownFileType = sourcecode.swift; path = CoreDataBaseRepositoryType.swift; sourceTree = "<group>"; };
		964354A22C0355A50024014E /* CoreDataBaseRequest.swift */ = {isa = PBXFileReference; fileEncoding = 4; lastKnownFileType = sourcecode.swift; path = CoreDataBaseRequest.swift; sourceTree = "<group>"; };
		964354A62C0355A50024014E /* DataBase.xcdatamodel */ = {isa = PBXFileReference; lastKnownFileType = wrapper.xcdatamodel; path = DataBase.xcdatamodel; sourceTree = "<group>"; };
		964354B22C0381F10024014E /* PinEntity+.swift */ = {isa = PBXFileReference; lastKnownFileType = sourcecode.swift; path = "PinEntity+.swift"; sourceTree = "<group>"; };
		967B0BE02C060F240022ABF9 /* PinRequest.swift */ = {isa = PBXFileReference; lastKnownFileType = sourcecode.swift; path = PinRequest.swift; sourceTree = "<group>"; };
		967B0BE22C060F650022ABF9 /* PinRepository.swift */ = {isa = PBXFileReference; lastKnownFileType = sourcecode.swift; path = PinRepository.swift; sourceTree = "<group>"; };
		967B0BE42C0616420022ABF9 /* PinItemViewData.swift */ = {isa = PBXFileReference; lastKnownFileType = sourcecode.swift; path = PinItemViewData.swift; sourceTree = "<group>"; };
		967B0BE62C0616A20022ABF9 /* PinItemViewDataTranslator.swift */ = {isa = PBXFileReference; lastKnownFileType = sourcecode.swift; path = PinItemViewDataTranslator.swift; sourceTree = "<group>"; };
		968CCF852BFA0B370084F805 /* HomeViewModel.swift */ = {isa = PBXFileReference; lastKnownFileType = sourcecode.swift; path = HomeViewModel.swift; sourceTree = "<group>"; };
		9697F8202C08C04C003ECA32 /* PhotoStorageEntity+.swift */ = {isa = PBXFileReference; lastKnownFileType = sourcecode.swift; path = "PhotoStorageEntity+.swift"; sourceTree = "<group>"; };
		96F554592C01A59600136282 /* HomeNavigator.swift */ = {isa = PBXFileReference; lastKnownFileType = sourcecode.swift; path = HomeNavigator.swift; sourceTree = "<group>"; };
		96F5545B2C01A5E100136282 /* AlbumView.swift */ = {isa = PBXFileReference; lastKnownFileType = sourcecode.swift; path = AlbumView.swift; sourceTree = "<group>"; };
		96F5545D2C01F90400136282 /* UdacityNavigationHeaderView.swift */ = {isa = PBXFileReference; fileEncoding = 4; lastKnownFileType = sourcecode.swift; path = UdacityNavigationHeaderView.swift; sourceTree = "<group>"; };
		96F5545E2C01F90400136282 /* UdacityNavigationView.swift */ = {isa = PBXFileReference; fileEncoding = 4; lastKnownFileType = sourcecode.swift; path = UdacityNavigationView.swift; sourceTree = "<group>"; };
		96F554622C01FED900136282 /* AlbumViewModel.swift */ = {isa = PBXFileReference; lastKnownFileType = sourcecode.swift; path = AlbumViewModel.swift; sourceTree = "<group>"; };
		96F554642C01FFE200136282 /* API.swift */ = {isa = PBXFileReference; fileEncoding = 4; lastKnownFileType = sourcecode.swift; path = API.swift; sourceTree = "<group>"; };
		96F554662C02022300136282 /* AlbumUseCase.swift */ = {isa = PBXFileReference; lastKnownFileType = sourcecode.swift; path = AlbumUseCase.swift; sourceTree = "<group>"; };
		96F554682C02028500136282 /* AlbumRepository.swift */ = {isa = PBXFileReference; lastKnownFileType = sourcecode.swift; path = AlbumRepository.swift; sourceTree = "<group>"; };
		96F5546A2C0202F000136282 /* AlbumRequest.swift */ = {isa = PBXFileReference; lastKnownFileType = sourcecode.swift; path = AlbumRequest.swift; sourceTree = "<group>"; };
		96F5546C2C02047900136282 /* PhotosResponse.swift */ = {isa = PBXFileReference; lastKnownFileType = sourcecode.swift; path = PhotosResponse.swift; sourceTree = "<group>"; };
		96F5546E2C02405900136282 /* AlbumItemViewData.swift */ = {isa = PBXFileReference; lastKnownFileType = sourcecode.swift; path = AlbumItemViewData.swift; sourceTree = "<group>"; };
		96F554712C02409900136282 /* PhotosEntity.swift */ = {isa = PBXFileReference; lastKnownFileType = sourcecode.swift; path = PhotosEntity.swift; sourceTree = "<group>"; };
		96F554732C0240C700136282 /* PhotoEntity.swift */ = {isa = PBXFileReference; lastKnownFileType = sourcecode.swift; path = PhotoEntity.swift; sourceTree = "<group>"; };
		96F554752C02424800136282 /* AlbumItemViewDataTranslator.swift */ = {isa = PBXFileReference; lastKnownFileType = sourcecode.swift; path = AlbumItemViewDataTranslator.swift; sourceTree = "<group>"; };
		96F554772C027BBD00136282 /* AlbumNavigator.swift */ = {isa = PBXFileReference; lastKnownFileType = sourcecode.swift; path = AlbumNavigator.swift; sourceTree = "<group>"; };
		96FC2BB52C04BB2200DDB2F6 /* AppUseCase.swift */ = {isa = PBXFileReference; lastKnownFileType = sourcecode.swift; path = AppUseCase.swift; sourceTree = "<group>"; };
		96FC2BB72C04C7E500DDB2F6 /* GeocoderManager.swift */ = {isa = PBXFileReference; lastKnownFileType = sourcecode.swift; path = GeocoderManager.swift; sourceTree = "<group>"; };
		96FC2BB92C04CABB00DDB2F6 /* HomeUseCase.swift */ = {isa = PBXFileReference; lastKnownFileType = sourcecode.swift; path = HomeUseCase.swift; sourceTree = "<group>"; };
/* End PBXFileReference section */

/* Begin PBXFrameworksBuildPhase section */
		962CD18A2BF7A78900415511 /* Frameworks */ = {
			isa = PBXFrameworksBuildPhase;
			buildActionMask = 2147483647;
			files = (
			);
			runOnlyForDeploymentPostprocessing = 0;
		};
/* End PBXFrameworksBuildPhase section */

/* Begin PBXGroup section */
		962CD1842BF7A78900415511 = {
			isa = PBXGroup;
			children = (
				962CD18F2BF7A78900415511 /* Udacity_VirtualTourist */,
				962CD18E2BF7A78900415511 /* Products */,
			);
			sourceTree = "<group>";
		};
		962CD18E2BF7A78900415511 /* Products */ = {
			isa = PBXGroup;
			children = (
				962CD18D2BF7A78900415511 /* Udacity_VirtualTourist.app */,
			);
			name = Products;
			sourceTree = "<group>";
		};
		962CD18F2BF7A78900415511 /* Udacity_VirtualTourist */ = {
			isa = PBXGroup;
			children = (
				964354A52C0355A50024014E /* CoreData */,
				962CD1EC2BF7AA0600415511 /* Application */,
				962CD1D12BF7A9AB00415511 /* Platform */,
				962CD1B32BF7A98A00415511 /* Util */,
				962CD1A62BF7A94100415511 /* Architecture */,
				962CD1942BF7A78B00415511 /* Assets.xcassets */,
				962CD1962BF7A78B00415511 /* Preview Content */,
			);
			path = Udacity_VirtualTourist;
			sourceTree = "<group>";
		};
		962CD1962BF7A78B00415511 /* Preview Content */ = {
			isa = PBXGroup;
			children = (
				962CD1972BF7A78B00415511 /* Preview Assets.xcassets */,
			);
			path = "Preview Content";
			sourceTree = "<group>";
		};
		962CD1A62BF7A94100415511 /* Architecture */ = {
			isa = PBXGroup;
			children = (
				962CD19E2BF7A94100415511 /* ActivityTracker.swift */,
				962CD19F2BF7A94100415511 /* CancelBag.swift */,
				962CD1A02BF7A94100415511 /* Driver.swift */,
				962CD1A12BF7A94100415511 /* ErrorTracker.swift */,
				962CD1A22BF7A94100415511 /* Observable.swift */,
				962CD1A42BF7A94100415511 /* Publisher+Unwrap.swift */,
				962CD1A52BF7A94100415511 /* ViewModel.swift */,
			);
			path = Architecture;
			sourceTree = "<group>";
		};
		962CD1B32BF7A98A00415511 /* Util */ = {
			isa = PBXGroup;
			children = (
				962CD1AF2BF7A98A00415511 /* AlertMessage.swift */,
				962CD1B02BF7A98A00415511 /* DictionaryPrinter.swift */,
				96FC2BB72C04C7E500DDB2F6 /* GeocoderManager.swift */,
				962CD1B22BF7A98A00415511 /* Screen.swift */,
			);
			path = Util;
			sourceTree = "<group>";
		};
		962CD1BA2BF7A9AB00415511 /* Error */ = {
			isa = PBXGroup;
			children = (
				962CD1B82BF7A9AB00415511 /* BaseError.swift */,
				962CD1B92BF7A9AB00415511 /* DecodingError.swift */,
			);
			path = Error;
			sourceTree = "<group>";
		};
		962CD1C02BF7A9AB00415511 /* Middleware */ = {
			isa = PBXGroup;
			children = (
				962CD1BB2BF7A9AB00415511 /* HTTPMethod.swift */,
				962CD1BC2BF7A9AB00415511 /* HTTPStatusCode.swift */,
				962CD1BD2BF7A9AB00415511 /* ServiceBaseRepository.swift */,
				962CD1BE2BF7A9AB00415511 /* ServiceBaseRequest.swift */,
				96F554642C01FFE200136282 /* API.swift */,
				962CD1BF2BF7A9AB00415511 /* URLs.swift */,
			);
			path = Middleware;
			sourceTree = "<group>";
		};
		962CD1C32BF7A9AB00415511 /* Repository */ = {
			isa = PBXGroup;
			children = (
				96F554682C02028500136282 /* AlbumRepository.swift */,
			);
			path = Repository;
			sourceTree = "<group>";
		};
		962CD1C82BF7A9AB00415511 /* Request */ = {
			isa = PBXGroup;
			children = (
				96F5546A2C0202F000136282 /* AlbumRequest.swift */,
			);
			path = Request;
			sourceTree = "<group>";
		};
		962CD1CE2BF7A9AB00415511 /* Response */ = {
			isa = PBXGroup;
			children = (
				96F5546C2C02047900136282 /* PhotosResponse.swift */,
			);
			path = Response;
			sourceTree = "<group>";
		};
		962CD1D02BF7A9AB00415511 /* Service */ = {
			isa = PBXGroup;
			children = (
				962CD1CF2BF7A9AB00415511 /* APIService.swift */,
			);
			path = Service;
			sourceTree = "<group>";
		};
		962CD1D12BF7A9AB00415511 /* Platform */ = {
			isa = PBXGroup;
			children = (
				96F554702C02409000136282 /* Model */,
				962CD1BA2BF7A9AB00415511 /* Error */,
				962CD1C02BF7A9AB00415511 /* Middleware */,
				962CD1C32BF7A9AB00415511 /* Repository */,
				962CD1C82BF7A9AB00415511 /* Request */,
				962CD1CE2BF7A9AB00415511 /* Response */,
				962CD1D02BF7A9AB00415511 /* Service */,
			);
			path = Platform;
			sourceTree = "<group>";
		};
		962CD1E82BF7AA0400415511 /* App */ = {
			isa = PBXGroup;
			children = (
				962CD1E52BF7AA0400415511 /* AppDelegate.swift */,
				962CD1E62BF7AA0400415511 /* AppNavigator.swift */,
				962CD1E72BF7AA0400415511 /* AppViewModel.swift */,
				96FC2BB52C04BB2200DDB2F6 /* AppUseCase.swift */,
			);
			path = App;
			sourceTree = "<group>";
		};
		962CD1EC2BF7AA0600415511 /* Application */ = {
			isa = PBXGroup;
			children = (
				96F5545F2C01F90400136282 /* Navigation */,
				96F554562C01A13700136282 /* Album */,
				9679AFD72BF8AB560095303A /* Home */,
				962CD1E82BF7AA0400415511 /* App */,
			);
			path = Application;
			sourceTree = "<group>";
		};
		9643549C2C0355A50024014E /* DataBase */ = {
			isa = PBXGroup;
			children = (
				9643549A2C0355A50024014E /* CoreDataManager.swift */,
				9643549B2C0355A50024014E /* DataBase.xcdatamodeld */,
			);
			path = DataBase;
			sourceTree = "<group>";
		};
		9643549E2C0355A50024014E /* Model */ = {
			isa = PBXGroup;
			children = (
				964354B22C0381F10024014E /* PinEntity+.swift */,
				9697F8202C08C04C003ECA32 /* PhotoStorageEntity+.swift */,
			);
			path = Model;
			sourceTree = "<group>";
		};
		964354A12C0355A50024014E /* Repository */ = {
			isa = PBXGroup;
			children = (
				9643549F2C0355A50024014E /* CoreDataBaseRepositoryType.swift */,
				967B0BE22C060F650022ABF9 /* PinRepository.swift */,
			);
			path = Repository;
			sourceTree = "<group>";
		};
		964354A42C0355A50024014E /* Request */ = {
			isa = PBXGroup;
			children = (
				964354A22C0355A50024014E /* CoreDataBaseRequest.swift */,
				967B0BE02C060F240022ABF9 /* PinRequest.swift */,
			);
			path = Request;
			sourceTree = "<group>";
		};
		964354A52C0355A50024014E /* CoreData */ = {
			isa = PBXGroup;
			children = (
				9643549C2C0355A50024014E /* DataBase */,
				9643549E2C0355A50024014E /* Model */,
				964354A12C0355A50024014E /* Repository */,
				964354A42C0355A50024014E /* Request */,
			);
			path = CoreData;
			sourceTree = "<group>";
		};
		9679AFD72BF8AB560095303A /* Home */ = {
			isa = PBXGroup;
			children = (
				962CD1922BF7A78900415511 /* HomeView.swift */,
				967B0BE42C0616420022ABF9 /* PinItemViewData.swift */,
				968CCF852BFA0B370084F805 /* HomeViewModel.swift */,
				967B0BE62C0616A20022ABF9 /* PinItemViewDataTranslator.swift */,
				96FC2BB92C04CABB00DDB2F6 /* HomeUseCase.swift */,
				96F554592C01A59600136282 /* HomeNavigator.swift */,
			);
			path = Home;
			sourceTree = "<group>";
		};
		96F554562C01A13700136282 /* Album */ = {
			isa = PBXGroup;
			children = (
				96F5545B2C01A5E100136282 /* AlbumView.swift */,
				96F554752C02424800136282 /* AlbumItemViewDataTranslator.swift */,
				96F5546E2C02405900136282 /* AlbumItemViewData.swift */,
				96F554622C01FED900136282 /* AlbumViewModel.swift */,
				96F554772C027BBD00136282 /* AlbumNavigator.swift */,
				96F554662C02022300136282 /* AlbumUseCase.swift */,
			);
			path = Album;
			sourceTree = "<group>";
		};
		96F5545F2C01F90400136282 /* Navigation */ = {
			isa = PBXGroup;
			children = (
				96F5545D2C01F90400136282 /* UdacityNavigationHeaderView.swift */,
				96F5545E2C01F90400136282 /* UdacityNavigationView.swift */,
			);
			path = Navigation;
			sourceTree = "<group>";
		};
		96F554702C02409000136282 /* Model */ = {
			isa = PBXGroup;
			children = (
				96F554712C02409900136282 /* PhotosEntity.swift */,
				96F554732C0240C700136282 /* PhotoEntity.swift */,
			);
			path = Model;
			sourceTree = "<group>";
		};
/* End PBXGroup section */

/* Begin PBXNativeTarget section */
		962CD18C2BF7A78900415511 /* Udacity_VirtualTourist */ = {
			isa = PBXNativeTarget;
			buildConfigurationList = 962CD19B2BF7A78B00415511 /* Build configuration list for PBXNativeTarget "Udacity_VirtualTourist" */;
			buildPhases = (
				962CD1892BF7A78900415511 /* Sources */,
				962CD18A2BF7A78900415511 /* Frameworks */,
				962CD18B2BF7A78900415511 /* Resources */,
			);
			buildRules = (
			);
			dependencies = (
			);
			name = Udacity_VirtualTourist;
			productName = Udacity_VirtualTourist;
			productReference = 962CD18D2BF7A78900415511 /* Udacity_VirtualTourist.app */;
			productType = "com.apple.product-type.application";
		};
/* End PBXNativeTarget section */

/* Begin PBXProject section */
		962CD1852BF7A78900415511 /* Project object */ = {
			isa = PBXProject;
			attributes = {
				BuildIndependentTargetsInParallel = 1;
				LastSwiftUpdateCheck = 1530;
				LastUpgradeCheck = 1530;
				TargetAttributes = {
					962CD18C2BF7A78900415511 = {
						CreatedOnToolsVersion = 15.3;
					};
				};
			};
			buildConfigurationList = 962CD1882BF7A78900415511 /* Build configuration list for PBXProject "Udacity_VirtualTourist" */;
			compatibilityVersion = "Xcode 14.0";
			developmentRegion = en;
			hasScannedForEncodings = 0;
			knownRegions = (
				en,
				Base,
			);
			mainGroup = 962CD1842BF7A78900415511;
			productRefGroup = 962CD18E2BF7A78900415511 /* Products */;
			projectDirPath = "";
			projectRoot = "";
			targets = (
				962CD18C2BF7A78900415511 /* Udacity_VirtualTourist */,
			);
		};
/* End PBXProject section */

/* Begin PBXResourcesBuildPhase section */
		962CD18B2BF7A78900415511 /* Resources */ = {
			isa = PBXResourcesBuildPhase;
			buildActionMask = 2147483647;
			files = (
				962CD1982BF7A78B00415511 /* Preview Assets.xcassets in Resources */,
				962CD1952BF7A78B00415511 /* Assets.xcassets in Resources */,
			);
			runOnlyForDeploymentPostprocessing = 0;
		};
/* End PBXResourcesBuildPhase section */

/* Begin PBXSourcesBuildPhase section */
		962CD1892BF7A78900415511 /* Sources */ = {
			isa = PBXSourcesBuildPhase;
			buildActionMask = 2147483647;
			files = (
				962CD1AE2BF7A94100415511 /* ViewModel.swift in Sources */,
				96F5545A2C01A59600136282 /* HomeNavigator.swift in Sources */,
				96FC2BB82C04C7E500DDB2F6 /* GeocoderManager.swift in Sources */,
				964354AA2C0355A50024014E /* CoreDataBaseRepositoryType.swift in Sources */,
				964354A82C0355A50024014E /* DataBase.xcdatamodeld in Sources */,
				962CD1A92BF7A94100415511 /* Driver.swift in Sources */,
				96F5545C2C01A5E100136282 /* AlbumView.swift in Sources */,
				962CD1EB2BF7AA0400415511 /* AppViewModel.swift in Sources */,
				96F554692C02028500136282 /* AlbumRepository.swift in Sources */,
				962CD1AA2BF7A94100415511 /* ErrorTracker.swift in Sources */,
				96F5546B2C0202F000136282 /* AlbumRequest.swift in Sources */,
				962CD1E42BF7A9AB00415511 /* APIService.swift in Sources */,
				968CCF862BFA0B370084F805 /* HomeViewModel.swift in Sources */,
				962CD1932BF7A78900415511 /* HomeView.swift in Sources */,
				96F554782C027BBD00136282 /* AlbumNavigator.swift in Sources */,
				962CD1D22BF7A9AB00415511 /* BaseError.swift in Sources */,
				962CD1D32BF7A9AB00415511 /* DecodingError.swift in Sources */,
				967B0BE72C0616A20022ABF9 /* PinItemViewDataTranslator.swift in Sources */,
				962CD1D52BF7A9AB00415511 /* HTTPStatusCode.swift in Sources */,
				962CD1B52BF7A98A00415511 /* DictionaryPrinter.swift in Sources */,
				96F5546D2C02047900136282 /* PhotosResponse.swift in Sources */,
				962CD1B42BF7A98A00415511 /* AlertMessage.swift in Sources */,
				967B0BE32C060F650022ABF9 /* PinRepository.swift in Sources */,
				96F554652C01FFE200136282 /* API.swift in Sources */,
				96F554672C02022300136282 /* AlbumUseCase.swift in Sources */,
				96FC2BB62C04BB2200DDB2F6 /* AppUseCase.swift in Sources */,
				962CD1AB2BF7A94100415511 /* Observable.swift in Sources */,
				96F554762C02424800136282 /* AlbumItemViewDataTranslator.swift in Sources */,
				962CD1D82BF7A9AB00415511 /* URLs.swift in Sources */,
				962CD1B72BF7A98A00415511 /* Screen.swift in Sources */,
				962CD1D62BF7A9AB00415511 /* ServiceBaseRepository.swift in Sources */,
				962CD1D72BF7A9AB00415511 /* ServiceBaseRequest.swift in Sources */,
				96F554612C01F90400136282 /* UdacityNavigationView.swift in Sources */,
				962CD1EA2BF7AA0400415511 /* AppNavigator.swift in Sources */,
				962CD1AD2BF7A94100415511 /* Publisher+Unwrap.swift in Sources */,
				96F554722C02409900136282 /* PhotosEntity.swift in Sources */,
				962CD1D42BF7A9AB00415511 /* HTTPMethod.swift in Sources */,
				967B0BE12C060F240022ABF9 /* PinRequest.swift in Sources */,
				9697F8212C08C04C003ECA32 /* PhotoStorageEntity+.swift in Sources */,
				964354AC2C0355A50024014E /* CoreDataBaseRequest.swift in Sources */,
				964354B42C0381F10024014E /* PinEntity+.swift in Sources */,
				962CD1A82BF7A94100415511 /* CancelBag.swift in Sources */,
				96F554632C01FED900136282 /* AlbumViewModel.swift in Sources */,
				964354A72C0355A50024014E /* CoreDataManager.swift in Sources */,
				962CD1E92BF7AA0400415511 /* AppDelegate.swift in Sources */,
				962CD1A72BF7A94100415511 /* ActivityTracker.swift in Sources */,
				96F554602C01F90400136282 /* UdacityNavigationHeaderView.swift in Sources */,
				96F5546F2C02405900136282 /* AlbumItemViewData.swift in Sources */,
				96FC2BBA2C04CABB00DDB2F6 /* HomeUseCase.swift in Sources */,
				96F554742C0240C700136282 /* PhotoEntity.swift in Sources */,
				967B0BE52C0616420022ABF9 /* PinItemViewData.swift in Sources */,
			);
			runOnlyForDeploymentPostprocessing = 0;
		};
/* End PBXSourcesBuildPhase section */

/* Begin XCBuildConfiguration section */
		962CD1992BF7A78B00415511 /* Debug */ = {
			isa = XCBuildConfiguration;
			buildSettings = {
				ALWAYS_SEARCH_USER_PATHS = NO;
				ASSETCATALOG_COMPILER_GENERATE_SWIFT_ASSET_SYMBOL_EXTENSIONS = YES;
				CLANG_ANALYZER_NONNULL = YES;
				CLANG_ANALYZER_NUMBER_OBJECT_CONVERSION = YES_AGGRESSIVE;
				CLANG_CXX_LANGUAGE_STANDARD = "gnu++20";
				CLANG_ENABLE_MODULES = YES;
				CLANG_ENABLE_OBJC_ARC = YES;
				CLANG_ENABLE_OBJC_WEAK = YES;
				CLANG_WARN_BLOCK_CAPTURE_AUTORELEASING = YES;
				CLANG_WARN_BOOL_CONVERSION = YES;
				CLANG_WARN_COMMA = YES;
				CLANG_WARN_CONSTANT_CONVERSION = YES;
				CLANG_WARN_DEPRECATED_OBJC_IMPLEMENTATIONS = YES;
				CLANG_WARN_DIRECT_OBJC_ISA_USAGE = YES_ERROR;
				CLANG_WARN_DOCUMENTATION_COMMENTS = YES;
				CLANG_WARN_EMPTY_BODY = YES;
				CLANG_WARN_ENUM_CONVERSION = YES;
				CLANG_WARN_INFINITE_RECURSION = YES;
				CLANG_WARN_INT_CONVERSION = YES;
				CLANG_WARN_NON_LITERAL_NULL_CONVERSION = YES;
				CLANG_WARN_OBJC_IMPLICIT_RETAIN_SELF = YES;
				CLANG_WARN_OBJC_LITERAL_CONVERSION = YES;
				CLANG_WARN_OBJC_ROOT_CLASS = YES_ERROR;
				CLANG_WARN_QUOTED_INCLUDE_IN_FRAMEWORK_HEADER = YES;
				CLANG_WARN_RANGE_LOOP_ANALYSIS = YES;
				CLANG_WARN_STRICT_PROTOTYPES = YES;
				CLANG_WARN_SUSPICIOUS_MOVE = YES;
				CLANG_WARN_UNGUARDED_AVAILABILITY = YES_AGGRESSIVE;
				CLANG_WARN_UNREACHABLE_CODE = YES;
				CLANG_WARN__DUPLICATE_METHOD_MATCH = YES;
				COPY_PHASE_STRIP = NO;
				DEBUG_INFORMATION_FORMAT = dwarf;
				ENABLE_STRICT_OBJC_MSGSEND = YES;
				ENABLE_TESTABILITY = YES;
				ENABLE_USER_SCRIPT_SANDBOXING = YES;
				GCC_C_LANGUAGE_STANDARD = gnu17;
				GCC_DYNAMIC_NO_PIC = NO;
				GCC_NO_COMMON_BLOCKS = YES;
				GCC_OPTIMIZATION_LEVEL = 0;
				GCC_PREPROCESSOR_DEFINITIONS = (
					"DEBUG=1",
					"$(inherited)",
				);
				GCC_WARN_64_TO_32_BIT_CONVERSION = YES;
				GCC_WARN_ABOUT_RETURN_TYPE = YES_ERROR;
				GCC_WARN_UNDECLARED_SELECTOR = YES;
				GCC_WARN_UNINITIALIZED_AUTOS = YES_AGGRESSIVE;
				GCC_WARN_UNUSED_FUNCTION = YES;
				GCC_WARN_UNUSED_VARIABLE = YES;
				IPHONEOS_DEPLOYMENT_TARGET = 16.6;
				LOCALIZATION_PREFERS_STRING_CATALOGS = YES;
				MTL_ENABLE_DEBUG_INFO = INCLUDE_SOURCE;
				MTL_FAST_MATH = YES;
				ONLY_ACTIVE_ARCH = YES;
				SDKROOT = iphoneos;
				SWIFT_ACTIVE_COMPILATION_CONDITIONS = "DEBUG $(inherited)";
				SWIFT_OPTIMIZATION_LEVEL = "-Onone";
			};
			name = Debug;
		};
		962CD19A2BF7A78B00415511 /* Release */ = {
			isa = XCBuildConfiguration;
			buildSettings = {
				ALWAYS_SEARCH_USER_PATHS = NO;
				ASSETCATALOG_COMPILER_GENERATE_SWIFT_ASSET_SYMBOL_EXTENSIONS = YES;
				CLANG_ANALYZER_NONNULL = YES;
				CLANG_ANALYZER_NUMBER_OBJECT_CONVERSION = YES_AGGRESSIVE;
				CLANG_CXX_LANGUAGE_STANDARD = "gnu++20";
				CLANG_ENABLE_MODULES = YES;
				CLANG_ENABLE_OBJC_ARC = YES;
				CLANG_ENABLE_OBJC_WEAK = YES;
				CLANG_WARN_BLOCK_CAPTURE_AUTORELEASING = YES;
				CLANG_WARN_BOOL_CONVERSION = YES;
				CLANG_WARN_COMMA = YES;
				CLANG_WARN_CONSTANT_CONVERSION = YES;
				CLANG_WARN_DEPRECATED_OBJC_IMPLEMENTATIONS = YES;
				CLANG_WARN_DIRECT_OBJC_ISA_USAGE = YES_ERROR;
				CLANG_WARN_DOCUMENTATION_COMMENTS = YES;
				CLANG_WARN_EMPTY_BODY = YES;
				CLANG_WARN_ENUM_CONVERSION = YES;
				CLANG_WARN_INFINITE_RECURSION = YES;
				CLANG_WARN_INT_CONVERSION = YES;
				CLANG_WARN_NON_LITERAL_NULL_CONVERSION = YES;
				CLANG_WARN_OBJC_IMPLICIT_RETAIN_SELF = YES;
				CLANG_WARN_OBJC_LITERAL_CONVERSION = YES;
				CLANG_WARN_OBJC_ROOT_CLASS = YES_ERROR;
				CLANG_WARN_QUOTED_INCLUDE_IN_FRAMEWORK_HEADER = YES;
				CLANG_WARN_RANGE_LOOP_ANALYSIS = YES;
				CLANG_WARN_STRICT_PROTOTYPES = YES;
				CLANG_WARN_SUSPICIOUS_MOVE = YES;
				CLANG_WARN_UNGUARDED_AVAILABILITY = YES_AGGRESSIVE;
				CLANG_WARN_UNREACHABLE_CODE = YES;
				CLANG_WARN__DUPLICATE_METHOD_MATCH = YES;
				COPY_PHASE_STRIP = NO;
				DEBUG_INFORMATION_FORMAT = "dwarf-with-dsym";
				ENABLE_NS_ASSERTIONS = NO;
				ENABLE_STRICT_OBJC_MSGSEND = YES;
				ENABLE_USER_SCRIPT_SANDBOXING = YES;
				GCC_C_LANGUAGE_STANDARD = gnu17;
				GCC_NO_COMMON_BLOCKS = YES;
				GCC_WARN_64_TO_32_BIT_CONVERSION = YES;
				GCC_WARN_ABOUT_RETURN_TYPE = YES_ERROR;
				GCC_WARN_UNDECLARED_SELECTOR = YES;
				GCC_WARN_UNINITIALIZED_AUTOS = YES_AGGRESSIVE;
				GCC_WARN_UNUSED_FUNCTION = YES;
				GCC_WARN_UNUSED_VARIABLE = YES;
				IPHONEOS_DEPLOYMENT_TARGET = 16.6;
				LOCALIZATION_PREFERS_STRING_CATALOGS = YES;
				MTL_ENABLE_DEBUG_INFO = NO;
				MTL_FAST_MATH = YES;
				SDKROOT = iphoneos;
				SWIFT_COMPILATION_MODE = wholemodule;
				VALIDATE_PRODUCT = YES;
			};
			name = Release;
		};
		962CD19C2BF7A78B00415511 /* Debug */ = {
			isa = XCBuildConfiguration;
			buildSettings = {
				ASSETCATALOG_COMPILER_APPICON_NAME = AppIcon;
				ASSETCATALOG_COMPILER_GLOBAL_ACCENT_COLOR_NAME = AccentColor;
				CODE_SIGN_STYLE = Automatic;
				CURRENT_PROJECT_VERSION = 1;
				DEVELOPMENT_ASSET_PATHS = "\"Udacity_VirtualTourist/Preview Content\"";
				DEVELOPMENT_TEAM = GCAT449K7M;
				ENABLE_PREVIEWS = YES;
				GENERATE_INFOPLIST_FILE = YES;
				INFOPLIST_KEY_UIApplicationSupportsIndirectInputEvents = YES;
				INFOPLIST_KEY_UILaunchScreen_Generation = YES;
				INFOPLIST_KEY_UISupportedInterfaceOrientations_iPad = "UIInterfaceOrientationPortrait UIInterfaceOrientationPortraitUpsideDown UIInterfaceOrientationLandscapeLeft UIInterfaceOrientationLandscapeRight";
				INFOPLIST_KEY_UISupportedInterfaceOrientations_iPhone = "UIInterfaceOrientationPortrait UIInterfaceOrientationLandscapeLeft UIInterfaceOrientationLandscapeRight";
				IPHONEOS_DEPLOYMENT_TARGET = 17.0;
				LD_RUNPATH_SEARCH_PATHS = (
					"$(inherited)",
					"@executable_path/Frameworks",
				);
				MARKETING_VERSION = 1.0;
				PRODUCT_BUNDLE_IDENTIFIER = "cuong.ios.Udacity-VirtualTourist";
				PRODUCT_NAME = "$(TARGET_NAME)";
				SWIFT_EMIT_LOC_STRINGS = YES;
				SWIFT_VERSION = 5.0;
				TARGETED_DEVICE_FAMILY = "1,2";
			};
			name = Debug;
		};
		962CD19D2BF7A78B00415511 /* Release */ = {
			isa = XCBuildConfiguration;
			buildSettings = {
				ASSETCATALOG_COMPILER_APPICON_NAME = AppIcon;
				ASSETCATALOG_COMPILER_GLOBAL_ACCENT_COLOR_NAME = AccentColor;
				CODE_SIGN_STYLE = Automatic;
				CURRENT_PROJECT_VERSION = 1;
				DEVELOPMENT_ASSET_PATHS = "\"Udacity_VirtualTourist/Preview Content\"";
				DEVELOPMENT_TEAM = GCAT449K7M;
				ENABLE_PREVIEWS = YES;
				GENERATE_INFOPLIST_FILE = YES;
				INFOPLIST_KEY_UIApplicationSupportsIndirectInputEvents = YES;
				INFOPLIST_KEY_UILaunchScreen_Generation = YES;
				INFOPLIST_KEY_UISupportedInterfaceOrientations_iPad = "UIInterfaceOrientationPortrait UIInterfaceOrientationPortraitUpsideDown UIInterfaceOrientationLandscapeLeft UIInterfaceOrientationLandscapeRight";
				INFOPLIST_KEY_UISupportedInterfaceOrientations_iPhone = "UIInterfaceOrientationPortrait UIInterfaceOrientationLandscapeLeft UIInterfaceOrientationLandscapeRight";
				IPHONEOS_DEPLOYMENT_TARGET = 17.0;
				LD_RUNPATH_SEARCH_PATHS = (
					"$(inherited)",
					"@executable_path/Frameworks",
				);
				MARKETING_VERSION = 1.0;
				PRODUCT_BUNDLE_IDENTIFIER = "cuong.ios.Udacity-VirtualTourist";
				PRODUCT_NAME = "$(TARGET_NAME)";
				SWIFT_EMIT_LOC_STRINGS = YES;
				SWIFT_VERSION = 5.0;
				TARGETED_DEVICE_FAMILY = "1,2";
			};
			name = Release;
		};
/* End XCBuildConfiguration section */

/* Begin XCConfigurationList section */
		962CD1882BF7A78900415511 /* Build configuration list for PBXProject "Udacity_VirtualTourist" */ = {
			isa = XCConfigurationList;
			buildConfigurations = (
				962CD1992BF7A78B00415511 /* Debug */,
				962CD19A2BF7A78B00415511 /* Release */,
			);
			defaultConfigurationIsVisible = 0;
			defaultConfigurationName = Release;
		};
		962CD19B2BF7A78B00415511 /* Build configuration list for PBXNativeTarget "Udacity_VirtualTourist" */ = {
			isa = XCConfigurationList;
			buildConfigurations = (
				962CD19C2BF7A78B00415511 /* Debug */,
				962CD19D2BF7A78B00415511 /* Release */,
			);
			defaultConfigurationIsVisible = 0;
			defaultConfigurationName = Release;
		};
/* End XCConfigurationList section */

/* Begin XCVersionGroup section */
		9643549B2C0355A50024014E /* DataBase.xcdatamodeld */ = {
			isa = XCVersionGroup;
			children = (
				964354A62C0355A50024014E /* DataBase.xcdatamodel */,
			);
			currentVersion = 964354A62C0355A50024014E /* DataBase.xcdatamodel */;
			name = DataBase.xcdatamodeld;
			path = /Users/work/Desktop/Udacity/Udacity_VirtualTourist/Udacity_VirtualTourist/CoreData/DataBase/DataBase.xcdatamodeld;
			sourceTree = "<group>";
			versionGroupType = wrapper.xcdatamodel;
		};
/* End XCVersionGroup section */
	};
	rootObject = 962CD1852BF7A78900415511 /* Project object */;
}
