// !$*UTF8*$!
{
	archiveVersion = 1;
	classes = {
	};
	objectVersion = 56;
	objects = {

/* Begin PBXBuildFile section */
		962CD1932BF7A78900415511 /* HomeView.swift in Sources */ = {isa = PBXBuildFile; fileRef = 962CD1922BF7A78900415511 /* HomeView.swift */; };
		962CD1952BF7A78B00415511 /* Assets.xcassets in Resources */ = {isa = PBXBuildFile; fileRef = 962CD1942BF7A78B00415511 /* Assets.xcassets */; };
		962CD1982BF7A78B00415511 /* Preview Assets.xcassets in Resources */ = {isa = PBXBuildFile; fileRef = 962CD1972BF7A78B00415511 /* Preview Assets.xcassets */; };
		962CD1A72BF7A94100415511 /* ActivityTracker.swift in Sources */ = {isa = PBXBuildFile; fileRef = 962CD19E2BF7A94100415511 /* ActivityTracker.swift */; };
		962CD1A82BF7A94100415511 /* CancelBag.swift in Sources */ = {isa = PBXBuildFile; fileRef = 962CD19F2BF7A94100415511 /* CancelBag.swift */; };
		962CD1A92BF7A94100415511 /* Driver.swift in Sources */ = {isa = PBXBuildFile; fileRef = 962CD1A02BF7A94100415511 /* Driver.swift */; };
		962CD1AA2BF7A94100415511 /* ErrorTracker.swift in Sources */ = {isa = PBXBuildFile; fileRef = 962CD1A12BF7A94100415511 /* ErrorTracker.swift */; };
		962CD1AB2BF7A94100415511 /* Observable.swift in Sources */ = {isa = PBXBuildFile; fileRef = 962CD1A22BF7A94100415511 /* Observable.swift */; };
		962CD1AD2BF7A94100415511 /* Publisher+Unwrap.swift in Sources */ = {isa = PBXBuildFile; fileRef = 962CD1A42BF7A94100415511 /* Publisher+Unwrap.swift */; };
		962CD1AE2BF7A94100415511 /* ViewModel.swift in Sources */ = {isa = PBXBuildFile; fileRef = 962CD1A52BF7A94100415511 /* ViewModel.swift */; };
		962CD1B42BF7A98A00415511 /* AlertMessage.swift in Sources */ = {isa = PBXBuildFile; fileRef = 962CD1AF2BF7A98A00415511 /* AlertMessage.swift */; };
		962CD1B52BF7A98A00415511 /* DictionaryPrinter.swift in Sources */ = {isa = PBXBuildFile; fileRef = 962CD1B02BF7A98A00415511 /* DictionaryPrinter.swift */; };
		962CD1B72BF7A98A00415511 /* Screen.swift in Sources */ = {isa = PBXBuildFile; fileRef = 962CD1B22BF7A98A00415511 /* Screen.swift */; };
		962CD1D22BF7A9AB00415511 /* BaseError.swift in Sources */ = {isa = PBXBuildFile; fileRef = 962CD1B82BF7A9AB00415511 /* BaseError.swift */; };
		962CD1D32BF7A9AB00415511 /* DecodingError.swift in Sources */ = {isa = PBXBuildFile; fileRef = 962CD1B92BF7A9AB00415511 /* DecodingError.swift */; };
		962CD1D42BF7A9AB00415511 /* HTTPMethod.swift in Sources */ = {isa = PBXBuildFile; fileRef = 962CD1BB2BF7A9AB00415511 /* HTTPMethod.swift */; };
		962CD1D52BF7A9AB00415511 /* HTTPStatusCode.swift in Sources */ = {isa = PBXBuildFile; fileRef = 962CD1BC2BF7A9AB00415511 /* HTTPStatusCode.swift */; };
		962CD1D62BF7A9AB00415511 /* ServiceBaseRepository.swift in Sources */ = {isa = PBXBuildFile; fileRef = 962CD1BD2BF7A9AB00415511 /* ServiceBaseRepository.swift */; };
		962CD1D72BF7A9AB00415511 /* ServiceBaseRequest.swift in Sources */ = {isa = PBXBuildFile; fileRef = 962CD1BE2BF7A9AB00415511 /* ServiceBaseRequest.swift */; };
		962CD1D82BF7A9AB00415511 /* URLs.swift in Sources */ = {isa = PBXBuildFile; fileRef = 962CD1BF2BF7A9AB00415511 /* URLs.swift */; };
		962CD1E42BF7A9AB00415511 /* APIService.swift in Sources */ = {isa = PBXBuildFile; fileRef = 962CD1CF2BF7A9AB00415511 /* APIService.swift */; };
		962CD1E92BF7AA0400415511 /* AppDelegate.swift in Sources */ = {isa = PBXBuildFile; fileRef = 962CD1E52BF7AA0400415511 /* AppDelegate.swift */; };
		962CD1EA2BF7AA0400415511 /* AppNavigator.swift in Sources */ = {isa = PBXBuildFile; fileRef = 962CD1E62BF7AA0400415511 /* AppNavigator.swift */; };
		962CD1EB2BF7AA0400415511 /* AppViewModel.swift in Sources */ = {isa = PBXBuildFile; fileRef = 962CD1E72BF7AA0400415511 /* AppViewModel.swift */; };
/* End PBXBuildFile section */

/* Begin PBXFileReference section */
		962CD18D2BF7A78900415511 /* Udacity_VirtualTourist.app */ = {isa = PBXFileReference; explicitFileType = wrapper.application; includeInIndex = 0; path = Udacity_VirtualTourist.app; sourceTree = BUILT_PRODUCTS_DIR; };
		962CD1922BF7A78900415511 /* HomeView.swift */ = {isa = PBXFileReference; lastKnownFileType = sourcecode.swift; path = HomeView.swift; sourceTree = "<group>"; };
		962CD1942BF7A78B00415511 /* Assets.xcassets */ = {isa = PBXFileReference; lastKnownFileType = folder.assetcatalog; path = Assets.xcassets; sourceTree = "<group>"; };
		962CD1972BF7A78B00415511 /* Preview Assets.xcassets */ = {isa = PBXFileReference; lastKnownFileType = folder.assetcatalog; path = "Preview Assets.xcassets"; sourceTree = "<group>"; };
		962CD19E2BF7A94100415511 /* ActivityTracker.swift */ = {isa = PBXFileReference; fileEncoding = 4; lastKnownFileType = sourcecode.swift; path = ActivityTracker.swift; sourceTree = "<group>"; };
		962CD19F2BF7A94100415511 /* CancelBag.swift */ = {isa = PBXFileReference; fileEncoding = 4; lastKnownFileType = sourcecode.swift; path = CancelBag.swift; sourceTree = "<group>"; };
		962CD1A02BF7A94100415511 /* Driver.swift */ = {isa = PBXFileReference; fileEncoding = 4; lastKnownFileType = sourcecode.swift; path = Driver.swift; sourceTree = "<group>"; };
		962CD1A12BF7A94100415511 /* ErrorTracker.swift */ = {isa = PBXFileReference; fileEncoding = 4; lastKnownFileType = sourcecode.swift; path = ErrorTracker.swift; sourceTree = "<group>"; };
		962CD1A22BF7A94100415511 /* Observable.swift */ = {isa = PBXFileReference; fileEncoding = 4; lastKnownFileType = sourcecode.swift; path = Observable.swift; sourceTree = "<group>"; };
		962CD1A42BF7A94100415511 /* Publisher+Unwrap.swift */ = {isa = PBXFileReference; fileEncoding = 4; lastKnownFileType = sourcecode.swift; path = "Publisher+Unwrap.swift"; sourceTree = "<group>"; };
		962CD1A52BF7A94100415511 /* ViewModel.swift */ = {isa = PBXFileReference; fileEncoding = 4; lastKnownFileType = sourcecode.swift; path = ViewModel.swift; sourceTree = "<group>"; };
		962CD1AF2BF7A98A00415511 /* AlertMessage.swift */ = {isa = PBXFileReference; fileEncoding = 4; lastKnownFileType = sourcecode.swift; path = AlertMessage.swift; sourceTree = "<group>"; };
		962CD1B02BF7A98A00415511 /* DictionaryPrinter.swift */ = {isa = PBXFileReference; fileEncoding = 4; lastKnownFileType = sourcecode.swift; path = DictionaryPrinter.swift; sourceTree = "<group>"; };
		962CD1B22BF7A98A00415511 /* Screen.swift */ = {isa = PBXFileReference; fileEncoding = 4; lastKnownFileType = sourcecode.swift; path = Screen.swift; sourceTree = "<group>"; };
		962CD1B82BF7A9AB00415511 /* BaseError.swift */ = {isa = PBXFileReference; fileEncoding = 4; lastKnownFileType = sourcecode.swift; path = BaseError.swift; sourceTree = "<group>"; };
		962CD1B92BF7A9AB00415511 /* DecodingError.swift */ = {isa = PBXFileReference; fileEncoding = 4; lastKnownFileType = sourcecode.swift; path = DecodingError.swift; sourceTree = "<group>"; };
		962CD1BB2BF7A9AB00415511 /* HTTPMethod.swift */ = {isa = PBXFileReference; fileEncoding = 4; lastKnownFileType = sourcecode.swift; path = HTTPMethod.swift; sourceTree = "<group>"; };
		962CD1BC2BF7A9AB00415511 /* HTTPStatusCode.swift */ = {isa = PBXFileReference; fileEncoding = 4; lastKnownFileType = sourcecode.swift; path = HTTPStatusCode.swift; sourceTree = "<group>"; };
		962CD1BD2BF7A9AB00415511 /* ServiceBaseRepository.swift */ = {isa = PBXFileReference; fileEncoding = 4; lastKnownFileType = sourcecode.swift; path = ServiceBaseRepository.swift; sourceTree = "<group>"; };
		962CD1BE2BF7A9AB00415511 /* ServiceBaseRequest.swift */ = {isa = PBXFileReference; fileEncoding = 4; lastKnownFileType = sourcecode.swift; path = ServiceBaseRequest.swift; sourceTree = "<group>"; };
		962CD1BF2BF7A9AB00415511 /* URLs.swift */ = {isa = PBXFileReference; fileEncoding = 4; lastKnownFileType = sourcecode.swift; path = URLs.swift; sourceTree = "<group>"; };
		962CD1CF2BF7A9AB00415511 /* APIService.swift */ = {isa = PBXFileReference; fileEncoding = 4; lastKnownFileType = sourcecode.swift; path = APIService.swift; sourceTree = "<group>"; };
		962CD1E52BF7AA0400415511 /* AppDelegate.swift */ = {isa = PBXFileReference; fileEncoding = 4; lastKnownFileType = sourcecode.swift; path = AppDelegate.swift; sourceTree = "<group>"; };
		962CD1E62BF7AA0400415511 /* AppNavigator.swift */ = {isa = PBXFileReference; fileEncoding = 4; lastKnownFileType = sourcecode.swift; path = AppNavigator.swift; sourceTree = "<group>"; };
		962CD1E72BF7AA0400415511 /* AppViewModel.swift */ = {isa = PBXFileReference; fileEncoding = 4; lastKnownFileType = sourcecode.swift; path = AppViewModel.swift; sourceTree = "<group>"; };
/* End PBXFileReference section */

/* Begin PBXFrameworksBuildPhase section */
		962CD18A2BF7A78900415511 /* Frameworks */ = {
			isa = PBXFrameworksBuildPhase;
			buildActionMask = 2147483647;
			files = (
			);
			runOnlyForDeploymentPostprocessing = 0;
		};
/* End PBXFrameworksBuildPhase section */

/* Begin PBXGroup section */
		962CD1842BF7A78900415511 = {
			isa = PBXGroup;
			children = (
				962CD18F2BF7A78900415511 /* Udacity_VirtualTourist */,
				962CD18E2BF7A78900415511 /* Products */,
			);
			sourceTree = "<group>";
		};
		962CD18E2BF7A78900415511 /* Products */ = {
			isa = PBXGroup;
			children = (
				962CD18D2BF7A78900415511 /* Udacity_VirtualTourist.app */,
			);
			name = Products;
			sourceTree = "<group>";
		};
		962CD18F2BF7A78900415511 /* Udacity_VirtualTourist */ = {
			isa = PBXGroup;
			children = (
				962CD1EC2BF7AA0600415511 /* Application */,
				962CD1D12BF7A9AB00415511 /* Platform */,
				962CD1B32BF7A98A00415511 /* Util */,
				962CD1A62BF7A94100415511 /* Architecture */,
				962CD1942BF7A78B00415511 /* Assets.xcassets */,
				962CD1962BF7A78B00415511 /* Preview Content */,
			);
			path = Udacity_VirtualTourist;
			sourceTree = "<group>";
		};
		962CD1962BF7A78B00415511 /* Preview Content */ = {
			isa = PBXGroup;
			children = (
				962CD1972BF7A78B00415511 /* Preview Assets.xcassets */,
			);
			path = "Preview Content";
			sourceTree = "<group>";
		};
		962CD1A62BF7A94100415511 /* Architecture */ = {
			isa = PBXGroup;
			children = (
				962CD19E2BF7A94100415511 /* ActivityTracker.swift */,
				962CD19F2BF7A94100415511 /* CancelBag.swift */,
				962CD1A02BF7A94100415511 /* Driver.swift */,
				962CD1A12BF7A94100415511 /* ErrorTracker.swift */,
				962CD1A22BF7A94100415511 /* Observable.swift */,
				962CD1A42BF7A94100415511 /* Publisher+Unwrap.swift */,
				962CD1A52BF7A94100415511 /* ViewModel.swift */,
			);
			path = Architecture;
			sourceTree = "<group>";
		};
		962CD1B32BF7A98A00415511 /* Util */ = {
			isa = PBXGroup;
			children = (
				962CD1AF2BF7A98A00415511 /* AlertMessage.swift */,
				962CD1B02BF7A98A00415511 /* DictionaryPrinter.swift */,
				962CD1B22BF7A98A00415511 /* Screen.swift */,
			);
			path = Util;
			sourceTree = "<group>";
		};
		962CD1BA2BF7A9AB00415511 /* Error */ = {
			isa = PBXGroup;
			children = (
				962CD1B82BF7A9AB00415511 /* BaseError.swift */,
				962CD1B92BF7A9AB00415511 /* DecodingError.swift */,
			);
			path = Error;
			sourceTree = "<group>";
		};
		962CD1C02BF7A9AB00415511 /* Middleware */ = {
			isa = PBXGroup;
			children = (
				962CD1BB2BF7A9AB00415511 /* HTTPMethod.swift */,
				962CD1BC2BF7A9AB00415511 /* HTTPStatusCode.swift */,
				962CD1BD2BF7A9AB00415511 /* ServiceBaseRepository.swift */,
				962CD1BE2BF7A9AB00415511 /* ServiceBaseRequest.swift */,
				962CD1BF2BF7A9AB00415511 /* URLs.swift */,
			);
			path = Middleware;
			sourceTree = "<group>";
		};
		962CD1C32BF7A9AB00415511 /* Repository */ = {
			isa = PBXGroup;
			children = (
			);
			path = Repository;
			sourceTree = "<group>";
		};
		962CD1C82BF7A9AB00415511 /* Request */ = {
			isa = PBXGroup;
			children = (
			);
			path = Request;
			sourceTree = "<group>";
		};
		962CD1CE2BF7A9AB00415511 /* Response */ = {
			isa = PBXGroup;
			children = (
			);
			path = Response;
			sourceTree = "<group>";
		};
		962CD1D02BF7A9AB00415511 /* Service */ = {
			isa = PBXGroup;
			children = (
				962CD1CF2BF7A9AB00415511 /* APIService.swift */,
			);
			path = Service;
			sourceTree = "<group>";
		};
		962CD1D12BF7A9AB00415511 /* Platform */ = {
			isa = PBXGroup;
			children = (
				962CD1BA2BF7A9AB00415511 /* Error */,
				962CD1C02BF7A9AB00415511 /* Middleware */,
				962CD1C32BF7A9AB00415511 /* Repository */,
				962CD1C82BF7A9AB00415511 /* Request */,
				962CD1CE2BF7A9AB00415511 /* Response */,
				962CD1D02BF7A9AB00415511 /* Service */,
			);
			path = Platform;
			sourceTree = "<group>";
		};
		962CD1E82BF7AA0400415511 /* App */ = {
			isa = PBXGroup;
			children = (
				962CD1E52BF7AA0400415511 /* AppDelegate.swift */,
				962CD1E62BF7AA0400415511 /* AppNavigator.swift */,
				962CD1E72BF7AA0400415511 /* AppViewModel.swift */,
			);
			path = App;
			sourceTree = "<group>";
		};
		962CD1EC2BF7AA0600415511 /* Application */ = {
			isa = PBXGroup;
			children = (
				9679AFD72BF8AB560095303A /* Home */,
				962CD1E82BF7AA0400415511 /* App */,
			);
			path = Application;
			sourceTree = "<group>";
		};
		9679AFD72BF8AB560095303A /* Home */ = {
			isa = PBXGroup;
			children = (
				962CD1922BF7A78900415511 /* HomeView.swift */,
			);
			path = Home;
			sourceTree = "<group>";
		};
/* End PBXGroup section */

/* Begin PBXNativeTarget section */
		962CD18C2BF7A78900415511 /* Udacity_VirtualTourist */ = {
			isa = PBXNativeTarget;
			buildConfigurationList = 962CD19B2BF7A78B00415511 /* Build configuration list for PBXNativeTarget "Udacity_VirtualTourist" */;
			buildPhases = (
				962CD1892BF7A78900415511 /* Sources */,
				962CD18A2BF7A78900415511 /* Frameworks */,
				962CD18B2BF7A78900415511 /* Resources */,
			);
			buildRules = (
			);
			dependencies = (
			);
			name = Udacity_VirtualTourist;
			productName = Udacity_VirtualTourist;
			productReference = 962CD18D2BF7A78900415511 /* Udacity_VirtualTourist.app */;
			productType = "com.apple.product-type.application";
		};
/* End PBXNativeTarget section */

/* Begin PBXProject section */
		962CD1852BF7A78900415511 /* Project object */ = {
			isa = PBXProject;
			attributes = {
				BuildIndependentTargetsInParallel = 1;
				LastSwiftUpdateCheck = 1530;
				LastUpgradeCheck = 1530;
				TargetAttributes = {
					962CD18C2BF7A78900415511 = {
						CreatedOnToolsVersion = 15.3;
					};
				};
			};
			buildConfigurationList = 962CD1882BF7A78900415511 /* Build configuration list for PBXProject "Udacity_VirtualTourist" */;
			compatibilityVersion = "Xcode 14.0";
			developmentRegion = en;
			hasScannedForEncodings = 0;
			knownRegions = (
				en,
				Base,
			);
			mainGroup = 962CD1842BF7A78900415511;
			productRefGroup = 962CD18E2BF7A78900415511 /* Products */;
			projectDirPath = "";
			projectRoot = "";
			targets = (
				962CD18C2BF7A78900415511 /* Udacity_VirtualTourist */,
			);
		};
/* End PBXProject section */

/* Begin PBXResourcesBuildPhase section */
		962CD18B2BF7A78900415511 /* Resources */ = {
			isa = PBXResourcesBuildPhase;
			buildActionMask = 2147483647;
			files = (
				962CD1982BF7A78B00415511 /* Preview Assets.xcassets in Resources */,
				962CD1952BF7A78B00415511 /* Assets.xcassets in Resources */,
			);
			runOnlyForDeploymentPostprocessing = 0;
		};
/* End PBXResourcesBuildPhase section */

/* Begin PBXSourcesBuildPhase section */
		962CD1892BF7A78900415511 /* Sources */ = {
			isa = PBXSourcesBuildPhase;
			buildActionMask = 2147483647;
			files = (
				962CD1AE2BF7A94100415511 /* ViewModel.swift in Sources */,
				962CD1A92BF7A94100415511 /* Driver.swift in Sources */,
				962CD1EB2BF7AA0400415511 /* AppViewModel.swift in Sources */,
				962CD1AA2BF7A94100415511 /* ErrorTracker.swift in Sources */,
				962CD1E42BF7A9AB00415511 /* APIService.swift in Sources */,
				962CD1932BF7A78900415511 /* HomeView.swift in Sources */,
				962CD1D22BF7A9AB00415511 /* BaseError.swift in Sources */,
				962CD1D32BF7A9AB00415511 /* DecodingError.swift in Sources */,
				962CD1D52BF7A9AB00415511 /* HTTPStatusCode.swift in Sources */,
				962CD1B52BF7A98A00415511 /* DictionaryPrinter.swift in Sources */,
				962CD1B42BF7A98A00415511 /* AlertMessage.swift in Sources */,
				962CD1AB2BF7A94100415511 /* Observable.swift in Sources */,
				962CD1D82BF7A9AB00415511 /* URLs.swift in Sources */,
				962CD1B72BF7A98A00415511 /* Screen.swift in Sources */,
				962CD1D62BF7A9AB00415511 /* ServiceBaseRepository.swift in Sources */,
				962CD1D72BF7A9AB00415511 /* ServiceBaseRequest.swift in Sources */,
				962CD1EA2BF7AA0400415511 /* AppNavigator.swift in Sources */,
				962CD1AD2BF7A94100415511 /* Publisher+Unwrap.swift in Sources */,
				962CD1D42BF7A9AB00415511 /* HTTPMethod.swift in Sources */,
				962CD1A82BF7A94100415511 /* CancelBag.swift in Sources */,
				962CD1E92BF7AA0400415511 /* AppDelegate.swift in Sources */,
				962CD1A72BF7A94100415511 /* ActivityTracker.swift in Sources */,
			);
			runOnlyForDeploymentPostprocessing = 0;
		};
/* End PBXSourcesBuildPhase section */

/* Begin XCBuildConfiguration section */
		962CD1992BF7A78B00415511 /* Debug */ = {
			isa = XCBuildConfiguration;
			buildSettings = {
				ALWAYS_SEARCH_USER_PATHS = NO;
				ASSETCATALOG_COMPILER_GENERATE_SWIFT_ASSET_SYMBOL_EXTENSIONS = YES;
				CLANG_ANALYZER_NONNULL = YES;
				CLANG_ANALYZER_NUMBER_OBJECT_CONVERSION = YES_AGGRESSIVE;
				CLANG_CXX_LANGUAGE_STANDARD = "gnu++20";
				CLANG_ENABLE_MODULES = YES;
				CLANG_ENABLE_OBJC_ARC = YES;
				CLANG_ENABLE_OBJC_WEAK = YES;
				CLANG_WARN_BLOCK_CAPTURE_AUTORELEASING = YES;
				CLANG_WARN_BOOL_CONVERSION = YES;
				CLANG_WARN_COMMA = YES;
				CLANG_WARN_CONSTANT_CONVERSION = YES;
				CLANG_WARN_DEPRECATED_OBJC_IMPLEMENTATIONS = YES;
				CLANG_WARN_DIRECT_OBJC_ISA_USAGE = YES_ERROR;
				CLANG_WARN_DOCUMENTATION_COMMENTS = YES;
				CLANG_WARN_EMPTY_BODY = YES;
				CLANG_WARN_ENUM_CONVERSION = YES;
				CLANG_WARN_INFINITE_RECURSION = YES;
				CLANG_WARN_INT_CONVERSION = YES;
				CLANG_WARN_NON_LITERAL_NULL_CONVERSION = YES;
				CLANG_WARN_OBJC_IMPLICIT_RETAIN_SELF = YES;
				CLANG_WARN_OBJC_LITERAL_CONVERSION = YES;
				CLANG_WARN_OBJC_ROOT_CLASS = YES_ERROR;
				CLANG_WARN_QUOTED_INCLUDE_IN_FRAMEWORK_HEADER = YES;
				CLANG_WARN_RANGE_LOOP_ANALYSIS = YES;
				CLANG_WARN_STRICT_PROTOTYPES = YES;
				CLANG_WARN_SUSPICIOUS_MOVE = YES;
				CLANG_WARN_UNGUARDED_AVAILABILITY = YES_AGGRESSIVE;
				CLANG_WARN_UNREACHABLE_CODE = YES;
				CLANG_WARN__DUPLICATE_METHOD_MATCH = YES;
				COPY_PHASE_STRIP = NO;
				DEBUG_INFORMATION_FORMAT = dwarf;
				ENABLE_STRICT_OBJC_MSGSEND = YES;
				ENABLE_TESTABILITY = YES;
				ENABLE_USER_SCRIPT_SANDBOXING = YES;
				GCC_C_LANGUAGE_STANDARD = gnu17;
				GCC_DYNAMIC_NO_PIC = NO;
				GCC_NO_COMMON_BLOCKS = YES;
				GCC_OPTIMIZATION_LEVEL = 0;
				GCC_PREPROCESSOR_DEFINITIONS = (
					"DEBUG=1",
					"$(inherited)",
				);
				GCC_WARN_64_TO_32_BIT_CONVERSION = YES;
				GCC_WARN_ABOUT_RETURN_TYPE = YES_ERROR;
				GCC_WARN_UNDECLARED_SELECTOR = YES;
				GCC_WARN_UNINITIALIZED_AUTOS = YES_AGGRESSIVE;
				GCC_WARN_UNUSED_FUNCTION = YES;
				GCC_WARN_UNUSED_VARIABLE = YES;
				IPHONEOS_DEPLOYMENT_TARGET = 16.6;
				LOCALIZATION_PREFERS_STRING_CATALOGS = YES;
				MTL_ENABLE_DEBUG_INFO = INCLUDE_SOURCE;
				MTL_FAST_MATH = YES;
				ONLY_ACTIVE_ARCH = YES;
				SDKROOT = iphoneos;
				SWIFT_ACTIVE_COMPILATION_CONDITIONS = "DEBUG $(inherited)";
				SWIFT_OPTIMIZATION_LEVEL = "-Onone";
			};
			name = Debug;
		};
		962CD19A2BF7A78B00415511 /* Release */ = {
			isa = XCBuildConfiguration;
			buildSettings = {
				ALWAYS_SEARCH_USER_PATHS = NO;
				ASSETCATALOG_COMPILER_GENERATE_SWIFT_ASSET_SYMBOL_EXTENSIONS = YES;
				CLANG_ANALYZER_NONNULL = YES;
				CLANG_ANALYZER_NUMBER_OBJECT_CONVERSION = YES_AGGRESSIVE;
				CLANG_CXX_LANGUAGE_STANDARD = "gnu++20";
				CLANG_ENABLE_MODULES = YES;
				CLANG_ENABLE_OBJC_ARC = YES;
				CLANG_ENABLE_OBJC_WEAK = YES;
				CLANG_WARN_BLOCK_CAPTURE_AUTORELEASING = YES;
				CLANG_WARN_BOOL_CONVERSION = YES;
				CLANG_WARN_COMMA = YES;
				CLANG_WARN_CONSTANT_CONVERSION = YES;
				CLANG_WARN_DEPRECATED_OBJC_IMPLEMENTATIONS = YES;
				CLANG_WARN_DIRECT_OBJC_ISA_USAGE = YES_ERROR;
				CLANG_WARN_DOCUMENTATION_COMMENTS = YES;
				CLANG_WARN_EMPTY_BODY = YES;
				CLANG_WARN_ENUM_CONVERSION = YES;
				CLANG_WARN_INFINITE_RECURSION = YES;
				CLANG_WARN_INT_CONVERSION = YES;
				CLANG_WARN_NON_LITERAL_NULL_CONVERSION = YES;
				CLANG_WARN_OBJC_IMPLICIT_RETAIN_SELF = YES;
				CLANG_WARN_OBJC_LITERAL_CONVERSION = YES;
				CLANG_WARN_OBJC_ROOT_CLASS = YES_ERROR;
				CLANG_WARN_QUOTED_INCLUDE_IN_FRAMEWORK_HEADER = YES;
				CLANG_WARN_RANGE_LOOP_ANALYSIS = YES;
				CLANG_WARN_STRICT_PROTOTYPES = YES;
				CLANG_WARN_SUSPICIOUS_MOVE = YES;
				CLANG_WARN_UNGUARDED_AVAILABILITY = YES_AGGRESSIVE;
				CLANG_WARN_UNREACHABLE_CODE = YES;
				CLANG_WARN__DUPLICATE_METHOD_MATCH = YES;
				COPY_PHASE_STRIP = NO;
				DEBUG_INFORMATION_FORMAT = "dwarf-with-dsym";
				ENABLE_NS_ASSERTIONS = NO;
				ENABLE_STRICT_OBJC_MSGSEND = YES;
				ENABLE_USER_SCRIPT_SANDBOXING = YES;
				GCC_C_LANGUAGE_STANDARD = gnu17;
				GCC_NO_COMMON_BLOCKS = YES;
				GCC_WARN_64_TO_32_BIT_CONVERSION = YES;
				GCC_WARN_ABOUT_RETURN_TYPE = YES_ERROR;
				GCC_WARN_UNDECLARED_SELECTOR = YES;
				GCC_WARN_UNINITIALIZED_AUTOS = YES_AGGRESSIVE;
				GCC_WARN_UNUSED_FUNCTION = YES;
				GCC_WARN_UNUSED_VARIABLE = YES;
				IPHONEOS_DEPLOYMENT_TARGET = 16.6;
				LOCALIZATION_PREFERS_STRING_CATALOGS = YES;
				MTL_ENABLE_DEBUG_INFO = NO;
				MTL_FAST_MATH = YES;
				SDKROOT = iphoneos;
				SWIFT_COMPILATION_MODE = wholemodule;
				VALIDATE_PRODUCT = YES;
			};
			name = Release;
		};
		962CD19C2BF7A78B00415511 /* Debug */ = {
			isa = XCBuildConfiguration;
			buildSettings = {
				ASSETCATALOG_COMPILER_APPICON_NAME = AppIcon;
				ASSETCATALOG_COMPILER_GLOBAL_ACCENT_COLOR_NAME = AccentColor;
				CODE_SIGN_STYLE = Automatic;
				CURRENT_PROJECT_VERSION = 1;
				DEVELOPMENT_ASSET_PATHS = "\"Udacity_VirtualTourist/Preview Content\"";
				DEVELOPMENT_TEAM = GCAT449K7M;
				ENABLE_PREVIEWS = YES;
				GENERATE_INFOPLIST_FILE = YES;
				INFOPLIST_KEY_UIApplicationSupportsIndirectInputEvents = YES;
				INFOPLIST_KEY_UILaunchScreen_Generation = YES;
				INFOPLIST_KEY_UISupportedInterfaceOrientations_iPad = "UIInterfaceOrientationPortrait UIInterfaceOrientationPortraitUpsideDown UIInterfaceOrientationLandscapeLeft UIInterfaceOrientationLandscapeRight";
				INFOPLIST_KEY_UISupportedInterfaceOrientations_iPhone = "UIInterfaceOrientationPortrait UIInterfaceOrientationLandscapeLeft UIInterfaceOrientationLandscapeRight";
				IPHONEOS_DEPLOYMENT_TARGET = 17.0;
				LD_RUNPATH_SEARCH_PATHS = (
					"$(inherited)",
					"@executable_path/Frameworks",
				);
				MARKETING_VERSION = 1.0;
				PRODUCT_BUNDLE_IDENTIFIER = "cuong.ios.Udacity-VirtualTourist";
				PRODUCT_NAME = "$(TARGET_NAME)";
				SWIFT_EMIT_LOC_STRINGS = YES;
				SWIFT_VERSION = 5.0;
				TARGETED_DEVICE_FAMILY = "1,2";
			};
			name = Debug;
		};
		962CD19D2BF7A78B00415511 /* Release */ = {
			isa = XCBuildConfiguration;
			buildSettings = {
				ASSETCATALOG_COMPILER_APPICON_NAME = AppIcon;
				ASSETCATALOG_COMPILER_GLOBAL_ACCENT_COLOR_NAME = AccentColor;
				CODE_SIGN_STYLE = Automatic;
				CURRENT_PROJECT_VERSION = 1;
				DEVELOPMENT_ASSET_PATHS = "\"Udacity_VirtualTourist/Preview Content\"";
				DEVELOPMENT_TEAM = GCAT449K7M;
				ENABLE_PREVIEWS = YES;
				GENERATE_INFOPLIST_FILE = YES;
				INFOPLIST_KEY_UIApplicationSupportsIndirectInputEvents = YES;
				INFOPLIST_KEY_UILaunchScreen_Generation = YES;
				INFOPLIST_KEY_UISupportedInterfaceOrientations_iPad = "UIInterfaceOrientationPortrait UIInterfaceOrientationPortraitUpsideDown UIInterfaceOrientationLandscapeLeft UIInterfaceOrientationLandscapeRight";
				INFOPLIST_KEY_UISupportedInterfaceOrientations_iPhone = "UIInterfaceOrientationPortrait UIInterfaceOrientationLandscapeLeft UIInterfaceOrientationLandscapeRight";
				IPHONEOS_DEPLOYMENT_TARGET = 17.0;
				LD_RUNPATH_SEARCH_PATHS = (
					"$(inherited)",
					"@executable_path/Frameworks",
				);
				MARKETING_VERSION = 1.0;
				PRODUCT_BUNDLE_IDENTIFIER = "cuong.ios.Udacity-VirtualTourist";
				PRODUCT_NAME = "$(TARGET_NAME)";
				SWIFT_EMIT_LOC_STRINGS = YES;
				SWIFT_VERSION = 5.0;
				TARGETED_DEVICE_FAMILY = "1,2";
			};
			name = Release;
		};
/* End XCBuildConfiguration section */

/* Begin XCConfigurationList section */
		962CD1882BF7A78900415511 /* Build configuration list for PBXProject "Udacity_VirtualTourist" */ = {
			isa = XCConfigurationList;
			buildConfigurations = (
				962CD1992BF7A78B00415511 /* Debug */,
				962CD19A2BF7A78B00415511 /* Release */,
			);
			defaultConfigurationIsVisible = 0;
			defaultConfigurationName = Release;
		};
		962CD19B2BF7A78B00415511 /* Build configuration list for PBXNativeTarget "Udacity_VirtualTourist" */ = {
			isa = XCConfigurationList;
			buildConfigurations = (
				962CD19C2BF7A78B00415511 /* Debug */,
				962CD19D2BF7A78B00415511 /* Release */,
			);
			defaultConfigurationIsVisible = 0;
			defaultConfigurationName = Release;
		};
/* End XCConfigurationList section */
	};
	rootObject = 962CD1852BF7A78900415511 /* Project object */;
}
